
Microsoft Visual Studio Solution File, Format Version 12.00
# Visual Studio Version 17
VisualStudioVersion = 17.4.33213.308
MinimumVisualStudioVersion = 10.0.40219.1
Project("{FAE04EC0-301F-11D3-BF4B-00C04F79EFBC}") = "Tour_In_Peru", "Tour_In_Peru\Tour_In_Peru.csproj", "{EF42D755-D05F-43DB-9A88-533FDDEF482F}"
EndProject
Global
	GlobalSection(SolutionConfigurationPlatforms) = preSolution
		Debug|Any CPU = Debug|Any CPU
		Release|Any CPU = Release|Any CPU
	EndGlobalSection
	GlobalSection(ProjectConfigurationPlatforms) = postSolution
		{EF42D755-D05F-43DB-9A88-533FDDEF482F}.Debug|Any CPU.ActiveCfg = Debug|Any CPU
		{EF42D755-D05F-43DB-9A88-533FDDEF482F}.Debug|Any CPU.Build.0 = Debug|Any CPU
		{EF42D755-D05F-43DB-9A88-533FDDEF482F}.Release|Any CPU.ActiveCfg = Release|Any CPU
		{EF42D755-D05F-43DB-9A88-533FDDEF482F}.Release|Any CPU.Build.0 = Release|Any CPU
	EndGlobalSection
	GlobalSection(SolutionProperties) = preSolution
		HideSolutionNode = FALSE
	EndGlobalSection
	GlobalSection(ExtensibilityGlobals) = postSolution
		SolutionGuid = {F2B0F073-809B-45B8-9599-9F2E218FA82D}
	EndGlobalSection
EndGlobal
